{"format_version":"1.2","terraform_version":"1.7.4","variables":{"location":{"value":"westus2"},"name_arc":{"value":"contenedorRegistryPrueba1"},"name_ip":{"value":"myIp"},"name_nic":{"value":"vnic"},"name_rg":{"value":"myResourceGroup"},"name_subnet":{"value":"subnet1"},"name_vm":{"value":"vm1"},"name_vnet":{"value":"vnet1"},"public_key_path":{"value":"/home/irene/.ssh/id_rsa.pub"},"ssh_user":{"value":"azureuser"}},"planned_values":{"outputs":{"acr_password":{"sensitive":true},"acr_server_registry":{"sensitive":false},"acr_username":{"sensitive":true},"client_certificate_aks":{"sensitive":true},"kube_config":{"sensitive":true},"ssh_private_key":{"sensitive":true},"ssh_public_key":{"sensitive":true},"vm_public_ip":{"sensitive":false}},"root_module":{"resources":[{"address":"azurerm_container_registry.acr","mode":"managed","type":"azurerm_container_registry","name":"acr","provider_name":"registry.terraform.io/hashicorp/azurerm","schema_version":2,"values":{"admin_enabled":true,"anonymous_pull_enabled":null,"data_endpoint_enabled":null,"export_policy_enabled":true,"georeplications":[],"identity":[],"location":"westus2","name":"contenedorRegistryPrueba1","network_rule_bypass_option":"AzureServices","public_network_access_enabled":true,"quarantine_policy_enabled":null,"resource_group_name":"myResourceGroup","sku":"Premium","tags":null,"timeouts":null,"zone_redundancy_enabled":false},"sensitive_values":{"encryption":[],"georeplications":[],"identity":[],"network_rule_set":[],"retention_policy":[],"trust_policy":[]}},{"address":"azurerm_kubernetes_cluster.aks","mode":"managed","type":"azurerm_kubernetes_cluster","name":"aks","provider_name":"registry.terraform.io/hashicorp/azurerm","schema_version":2,"values":{"aci_connector_linux":[],"automatic_channel_upgrade":null,"azure_active_directory_role_based_access_control":[],"azure_policy_enabled":null,"confidential_computing":[],"custom_ca_trust_certificates_base64":null,"default_node_pool":[{"capacity_reservation_group_id":null,"custom_ca_trust_enabled":null,"enable_auto_scaling":null,"enable_host_encryption":null,"enable_node_public_ip":null,"fips_enabled":null,"gpu_instance":null,"host_group_id":null,"kubelet_config":[],"linux_os_config":[],"max_count":null,"message_of_the_day":null,"min_count":null,"name":"default","node_count":1,"node_network_profile":[],"node_public_ip_prefix_id":null,"node_taints":null,"only_critical_addons_enabled":null,"os_disk_type":"Managed","pod_subnet_id":null,"proximity_placement_group_id":null,"scale_down_mode":"Delete","snapshot_id":null,"tags":null,"temporary_name_for_rotation":null,"type":"VirtualMachineScaleSets","ultra_ssd_enabled":false,"upgrade_settings":[],"vm_size":"Standard_D2_v2","vnet_subnet_id":null,"zones":null}],"disk_encryption_set_id":null,"dns_prefix":"aks-dns","dns_prefix_private_cluster":null,"edge_zone":null,"enable_pod_security_policy":null,"http_application_routing_enabled":null,"http_proxy_config":[],"identity":[{"identity_ids":null,"type":"SystemAssigned"}],"image_cleaner_enabled":false,"image_cleaner_interval_hours":48,"ingress_application_gateway":[],"key_management_service":[],"key_vault_secrets_provider":[],"linux_profile":[],"local_account_disabled":null,"location":"westus2","maintenance_window":[],"maintenance_window_auto_upgrade":[],"maintenance_window_node_os":[],"microsoft_defender":[],"monitor_metrics":[],"name":"aks","node_os_channel_upgrade":null,"oidc_issuer_enabled":null,"oms_agent":[],"open_service_mesh_enabled":null,"private_cluster_enabled":false,"private_cluster_public_fqdn_enabled":false,"public_network_access_enabled":true,"resource_group_name":"myResourceGroup","role_based_access_control_enabled":true,"run_command_enabled":true,"service_mesh_profile":[],"service_principal":[],"sku_tier":"Free","storage_profile":[],"support_plan":"KubernetesOfficial","tags":null,"timeouts":null,"web_app_routing":[],"workload_autoscaler_profile":[],"workload_identity_enabled":false},"sensitive_values":{"aci_connector_linux":[],"api_server_access_profile":[],"api_server_authorized_ip_ranges":[],"auto_scaler_profile":[],"azure_active_directory_role_based_access_control":[],"confidential_computing":[],"default_node_pool":[{"kubelet_config":[],"linux_os_config":[],"node_labels":{},"node_network_profile":[],"upgrade_settings":[]}],"http_proxy_config":[],"identity":[{}],"ingress_application_gateway":[],"key_management_service":[],"key_vault_secrets_provider":[],"kube_admin_config":[],"kube_config":[],"kubelet_identity":[],"linux_profile":[],"maintenance_window":[],"maintenance_window_auto_upgrade":[],"maintenance_window_node_os":[],"microsoft_defender":[],"monitor_metrics":[],"network_profile":[],"oms_agent":[],"service_mesh_profile":[],"service_principal":[],"storage_profile":[],"web_app_routing":[],"windows_profile":[],"workload_autoscaler_profile":[]}},{"address":"azurerm_linux_virtual_machine.vm","mode":"managed","type":"azurerm_linux_virtual_machine","name":"vm","provider_name":"registry.terraform.io/hashicorp/azurerm","schema_version":0,"values":{"additional_capabilities":[],"admin_password":null,"admin_ssh_key":[{"public_key":"ssh-rsa AAAAB3NzaC1yc2EAAAADAQABAAABgQCgSMuxfUOq5Adi7ymSyGWmZhFBxjFwQFldtBMtuS8SesCasbAyT64YinsVFYVJWOivlzw+ryEdWTt5HgaglQBiZvR1X9KRfiH1Ony1+pFY0gcMMxcTLk9aaY9HrCEshP4f7CEoFs04izhe2bf1HNK9u1FxrqitIRuThyFDGAMRjmgN/M5KwDKha4V2FleoyeIgbDTQ0AOHA63ehoWd3nHgwtjIwe7ZRo5/5MdVgeuYrZdENCymZtIaW1X8KzL06Z/i23wQqGmWOmWMAuDOowDu/8tKcBKRAEKvGPhJq3XW+pWuVE4jpJeQmCRUB9l3e8oFYAYFgdagnhQxLpNAuxSBhYjpKuAwGjnOWjR9IBig/XHbSPgvtXBVb+/r+YPrOi9YbwmijTBJgDOvBZ+zxknnxLyJ9vTtM0SkFmK7qpZYTxIynzaFvAIg6ylh54wpH8tBzkjfESFRvnBXWwJS0M5MWo57pQ7+8TnbZEYDP9rPza1HJaHBkYbkhsLY/RvFXZ8= irene@irene-virtual-machine\n\nssh-rsa AAAAB3NzaC1yc2EAAAADAQABAAABgQDoZ1i8CzOetSOmSAdpKDHhpbTaunz3HdYe9viX/RpiNEu4/wuVRHb442vDIh7au6/nwnAgEZxGfx+h840Frx04ct47nwnHPKipgArkU5NXxSAIX2yerARYYUO7HSPq8jFa34hyToPrDl34R1DUP1qP+EAAwIHepoMU0INx9MeNe6p3FkN6UMZ/d/vuOmz3aHZ+fFissAdyG4SJJPWzt1IHVkGGR41c+RMxMXs9cM2dWk9ZuZhnaLNpyt5k7bGK5srQC7lnwYtD2C1Uyudz6+OYPDeI5vN9L4u6BeY/Onm9deq/CkxO8mWyist+fjswzFfgnjgTEr/5mcwxE8H3Rmf4HfKWjqFgmFBIBsyQjl7DY5PRgKS3QZ6n6FjUDhj9lLAzs7HObuFOSGC2/QlICtqDg3Y2+BfGaySBaQ3DfV2Pmg9g9BkZmgJf7KB6ucLgX9RYFt7pci8l2uti2NklrmynMQIIfHLnpzEfmUZnEdm0m401pkTWOQOP60wgnwcEMQs= irene.gonzalez751@comunidadunir.net@vm1\n","username":"azureuser"}],"admin_username":"azureuser","allow_extension_operations":true,"availability_set_id":null,"boot_diagnostics":[],"bypass_platform_safety_checks_on_user_schedule_enabled":false,"capacity_reservation_group_id":null,"custom_data":null,"dedicated_host_group_id":null,"dedicated_host_id":null,"disable_password_authentication":true,"edge_zone":null,"encryption_at_host_enabled":null,"eviction_policy":null,"extensions_time_budget":"PT1H30M","gallery_application":[],"identity":[],"license_type":null,"location":"westus2","max_bid_price":-1,"name":"vm1","os_disk":[{"caching":"ReadWrite","diff_disk_settings":[],"disk_encryption_set_id":null,"secure_vm_disk_encryption_set_id":null,"security_encryption_type":null,"storage_account_type":"Standard_LRS","write_accelerator_enabled":false}],"patch_assessment_mode":"ImageDefault","patch_mode":"ImageDefault","plan":[],"platform_fault_domain":-1,"priority":"Regular","provision_vm_agent":true,"proximity_placement_group_id":null,"reboot_setting":null,"resource_group_name":"myResourceGroup","secret":[],"secure_boot_enabled":null,"size":"Standard_B1s","source_image_id":null,"source_image_reference":[{"offer":"debian-11","publisher":"Debian","sku":"11-backports-gen2","version":"latest"}],"tags":null,"timeouts":null,"user_data":null,"virtual_machine_scale_set_id":null,"vtpm_enabled":null,"zone":null},"sensitive_values":{"additional_capabilities":[],"admin_ssh_key":[{}],"boot_diagnostics":[],"gallery_application":[],"identity":[],"network_interface_ids":[],"os_disk":[{"diff_disk_settings":[]}],"plan":[],"private_ip_addresses":[],"public_ip_addresses":[],"secret":[],"source_image_reference":[{}],"termination_notification":[]}},{"address":"azurerm_network_interface.nic","mode":"managed","type":"azurerm_network_interface","name":"nic","provider_name":"registry.terraform.io/hashicorp/azurerm","schema_version":0,"values":{"auxiliary_mode":null,"auxiliary_sku":null,"edge_zone":null,"enable_accelerated_networking":false,"enable_ip_forwarding":false,"ip_configuration":[{"name":"internal","private_ip_address_allocation":"Dynamic","private_ip_address_version":"IPv4"}],"location":"westus2","name":"vnic","resource_group_name":"myResourceGroup","tags":null,"timeouts":null},"sensitive_values":{"applied_dns_servers":[],"dns_servers":[],"ip_configuration":[{}],"private_ip_addresses":[]}},{"address":"azurerm_network_interface_security_group_association.secGroupAssociation","mode":"managed","type":"azurerm_network_interface_security_group_association","name":"secGroupAssociation","provider_name":"registry.terraform.io/hashicorp/azurerm","schema_version":0,"values":{"timeouts":null},"sensitive_values":{}},{"address":"azurerm_network_security_group.secGroup","mode":"managed","type":"azurerm_network_security_group","name":"secGroup","provider_name":"registry.terraform.io/hashicorp/azurerm","schema_version":0,"values":{"location":"westus2","name":"sshtraffic","resource_group_name":"myResourceGroup","security_rule":[{"access":"Allow","description":"","destination_address_prefix":"*","destination_address_prefixes":[],"destination_application_security_group_ids":[],"destination_port_range":"22","destination_port_ranges":[],"direction":"Inbound","name":"SSH","priority":1001,"protocol":"Tcp","source_address_prefix":"*","source_address_prefixes":[],"source_application_security_group_ids":[],"source_port_range":"*","source_port_ranges":[]}],"tags":null,"timeouts":null},"sensitive_values":{"security_rule":[{"destination_address_prefixes":[],"destination_application_security_group_ids":[],"destination_port_ranges":[],"source_address_prefixes":[],"source_application_security_group_ids":[],"source_port_ranges":[]}]}},{"address":"azurerm_public_ip.ipPublica","mode":"managed","type":"azurerm_public_ip","name":"ipPublica","provider_name":"registry.terraform.io/hashicorp/azurerm","schema_version":0,"values":{"allocation_method":"Dynamic","ddos_protection_mode":"VirtualNetworkInherited","ddos_protection_plan_id":null,"domain_name_label":null,"edge_zone":null,"idle_timeout_in_minutes":4,"ip_tags":null,"ip_version":"IPv4","location":"westus2","name":"myIp","public_ip_prefix_id":null,"resource_group_name":"myResourceGroup","reverse_fqdn":null,"sku":"Basic","sku_tier":"Regional","tags":null,"timeouts":null,"zones":null},"sensitive_values":{}},{"address":"azurerm_resource_group.rg","mode":"managed","type":"azurerm_resource_group","name":"rg","provider_name":"registry.terraform.io/hashicorp/azurerm","schema_version":0,"values":{"location":"westus2","managed_by":null,"name":"myResourceGroup","tags":null,"timeouts":null},"sensitive_values":{}},{"address":"azurerm_subnet.subnet","mode":"managed","type":"azurerm_subnet","name":"subnet","provider_name":"registry.terraform.io/hashicorp/azurerm","schema_version":0,"values":{"address_prefixes":["10.0.2.0/24"],"delegation":[],"name":"subnet1","resource_group_name":"myResourceGroup","service_endpoint_policy_ids":null,"service_endpoints":null,"timeouts":null,"virtual_network_name":"vnet1"},"sensitive_values":{"address_prefixes":[false],"delegation":[]}},{"address":"azurerm_virtual_network.vnet","mode":"managed","type":"azurerm_virtual_network","name":"vnet","provider_name":"registry.terraform.io/hashicorp/azurerm","schema_version":0,"values":{"address_space":["10.0.0.0/16"],"bgp_community":null,"ddos_protection_plan":[],"edge_zone":null,"encryption":[],"flow_timeout_in_minutes":null,"location":"westus2","name":"vnet1","resource_group_name":"myResourceGroup","tags":null,"timeouts":null},"sensitive_values":{"address_space":[false],"ddos_protection_plan":[],"dns_servers":[],"encryption":[],"subnet":[]}},{"address":"tls_private_key.ssh_key","mode":"managed","type":"tls_private_key","name":"ssh_key","provider_name":"registry.terraform.io/hashicorp/tls","schema_version":1,"values":{"algorithm":"RSA","ecdsa_curve":"P224","rsa_bits":2048},"sensitive_values":{}}]}},"resource_changes":[{"address":"azurerm_container_registry.acr","mode":"managed","type":"azurerm_container_registry","name":"acr","provider_name":"registry.terraform.io/hashicorp/azurerm","change":{"actions":["create"],"before":null,"after":{"admin_enabled":true,"anonymous_pull_enabled":null,"data_endpoint_enabled":null,"export_policy_enabled":true,"georeplications":[],"identity":[],"location":"westus2","name":"contenedorRegistryPrueba1","network_rule_bypass_option":"AzureServices","public_network_access_enabled":true,"quarantine_policy_enabled":null,"resource_group_name":"myResourceGroup","sku":"Premium","tags":null,"timeouts":null,"zone_redundancy_enabled":false},"after_unknown":{"admin_password":true,"admin_username":true,"encryption":true,"georeplications":[],"id":true,"identity":[],"login_server":true,"network_rule_set":true,"retention_policy":true,"trust_policy":true},"before_sensitive":false,"after_sensitive":{"admin_password":true,"encryption":[],"georeplications":[],"identity":[],"network_rule_set":[],"retention_policy":[],"trust_policy":[]}}},{"address":"azurerm_kubernetes_cluster.aks","mode":"managed","type":"azurerm_kubernetes_cluster","name":"aks","provider_name":"registry.terraform.io/hashicorp/azurerm","change":{"actions":["create"],"before":null,"after":{"aci_connector_linux":[],"automatic_channel_upgrade":null,"azure_active_directory_role_based_access_control":[],"azure_policy_enabled":null,"confidential_computing":[],"custom_ca_trust_certificates_base64":null,"default_node_pool":[{"capacity_reservation_group_id":null,"custom_ca_trust_enabled":null,"enable_auto_scaling":null,"enable_host_encryption":null,"enable_node_public_ip":null,"fips_enabled":null,"gpu_instance":null,"host_group_id":null,"kubelet_config":[],"linux_os_config":[],"max_count":null,"message_of_the_day":null,"min_count":null,"name":"default","node_count":1,"node_network_profile":[],"node_public_ip_prefix_id":null,"node_taints":null,"only_critical_addons_enabled":null,"os_disk_type":"Managed","pod_subnet_id":null,"proximity_placement_group_id":null,"scale_down_mode":"Delete","snapshot_id":null,"tags":null,"temporary_name_for_rotation":null,"type":"VirtualMachineScaleSets","ultra_ssd_enabled":false,"upgrade_settings":[],"vm_size":"Standard_D2_v2","vnet_subnet_id":null,"zones":null}],"disk_encryption_set_id":null,"dns_prefix":"aks-dns","dns_prefix_private_cluster":null,"edge_zone":null,"enable_pod_security_policy":null,"http_application_routing_enabled":null,"http_proxy_config":[],"identity":[{"identity_ids":null,"type":"SystemAssigned"}],"image_cleaner_enabled":false,"image_cleaner_interval_hours":48,"ingress_application_gateway":[],"key_management_service":[],"key_vault_secrets_provider":[],"linux_profile":[],"local_account_disabled":null,"location":"westus2","maintenance_window":[],"maintenance_window_auto_upgrade":[],"maintenance_window_node_os":[],"microsoft_defender":[],"monitor_metrics":[],"name":"aks","node_os_channel_upgrade":null,"oidc_issuer_enabled":null,"oms_agent":[],"open_service_mesh_enabled":null,"private_cluster_enabled":false,"private_cluster_public_fqdn_enabled":false,"public_network_access_enabled":true,"resource_group_name":"myResourceGroup","role_based_access_control_enabled":true,"run_command_enabled":true,"service_mesh_profile":[],"service_principal":[],"sku_tier":"Free","storage_profile":[],"support_plan":"KubernetesOfficial","tags":null,"timeouts":null,"web_app_routing":[],"workload_autoscaler_profile":[],"workload_identity_enabled":false},"after_unknown":{"aci_connector_linux":[],"api_server_access_profile":true,"api_server_authorized_ip_ranges":true,"auto_scaler_profile":true,"azure_active_directory_role_based_access_control":[],"confidential_computing":[],"default_node_pool":[{"kubelet_config":[],"kubelet_disk_type":true,"linux_os_config":[],"max_pods":true,"node_labels":true,"node_network_profile":[],"orchestrator_version":true,"os_disk_size_gb":true,"os_sku":true,"upgrade_settings":[],"workload_runtime":true}],"fqdn":true,"http_application_routing_zone_name":true,"http_proxy_config":[],"id":true,"identity":[{"principal_id":true,"tenant_id":true}],"ingress_application_gateway":[],"key_management_service":[],"key_vault_secrets_provider":[],"kube_admin_config":true,"kube_admin_config_raw":true,"kube_config":true,"kube_config_raw":true,"kubelet_identity":true,"kubernetes_version":true,"linux_profile":[],"maintenance_window":[],"maintenance_window_auto_upgrade":[],"maintenance_window_node_os":[],"microsoft_defender":[],"monitor_metrics":[],"network_profile":true,"node_resource_group":true,"node_resource_group_id":true,"oidc_issuer_url":true,"oms_agent":[],"portal_fqdn":true,"private_dns_zone_id":true,"private_fqdn":true,"service_mesh_profile":[],"service_principal":[],"storage_profile":[],"web_app_routing":[],"windows_profile":true,"workload_autoscaler_profile":[]},"before_sensitive":false,"after_sensitive":{"aci_connector_linux":[],"api_server_access_profile":[],"api_server_authorized_ip_ranges":[],"auto_scaler_profile":[],"azure_active_directory_role_based_access_control":[],"confidential_computing":[],"default_node_pool":[{"kubelet_config":[],"linux_os_config":[],"node_labels":{},"node_network_profile":[],"upgrade_settings":[]}],"http_proxy_config":[],"identity":[{}],"ingress_application_gateway":[],"key_management_service":[],"key_vault_secrets_provider":[],"kube_admin_config":true,"kube_admin_config_raw":true,"kube_config":true,"kube_config_raw":true,"kubelet_identity":[],"linux_profile":[],"maintenance_window":[],"maintenance_window_auto_upgrade":[],"maintenance_window_node_os":[],"microsoft_defender":[],"monitor_metrics":[],"network_profile":[],"oms_agent":[],"service_mesh_profile":[],"service_principal":[],"storage_profile":[],"web_app_routing":[],"windows_profile":[],"workload_autoscaler_profile":[]}}},{"address":"azurerm_linux_virtual_machine.vm","mode":"managed","type":"azurerm_linux_virtual_machine","name":"vm","provider_name":"registry.terraform.io/hashicorp/azurerm","change":{"actions":["create"],"before":null,"after":{"additional_capabilities":[],"admin_password":null,"admin_ssh_key":[{"public_key":"ssh-rsa AAAAB3NzaC1yc2EAAAADAQABAAABgQCgSMuxfUOq5Adi7ymSyGWmZhFBxjFwQFldtBMtuS8SesCasbAyT64YinsVFYVJWOivlzw+ryEdWTt5HgaglQBiZvR1X9KRfiH1Ony1+pFY0gcMMxcTLk9aaY9HrCEshP4f7CEoFs04izhe2bf1HNK9u1FxrqitIRuThyFDGAMRjmgN/M5KwDKha4V2FleoyeIgbDTQ0AOHA63ehoWd3nHgwtjIwe7ZRo5/5MdVgeuYrZdENCymZtIaW1X8KzL06Z/i23wQqGmWOmWMAuDOowDu/8tKcBKRAEKvGPhJq3XW+pWuVE4jpJeQmCRUB9l3e8oFYAYFgdagnhQxLpNAuxSBhYjpKuAwGjnOWjR9IBig/XHbSPgvtXBVb+/r+YPrOi9YbwmijTBJgDOvBZ+zxknnxLyJ9vTtM0SkFmK7qpZYTxIynzaFvAIg6ylh54wpH8tBzkjfESFRvnBXWwJS0M5MWo57pQ7+8TnbZEYDP9rPza1HJaHBkYbkhsLY/RvFXZ8= irene@irene-virtual-machine\n\nssh-rsa AAAAB3NzaC1yc2EAAAADAQABAAABgQDoZ1i8CzOetSOmSAdpKDHhpbTaunz3HdYe9viX/RpiNEu4/wuVRHb442vDIh7au6/nwnAgEZxGfx+h840Frx04ct47nwnHPKipgArkU5NXxSAIX2yerARYYUO7HSPq8jFa34hyToPrDl34R1DUP1qP+EAAwIHepoMU0INx9MeNe6p3FkN6UMZ/d/vuOmz3aHZ+fFissAdyG4SJJPWzt1IHVkGGR41c+RMxMXs9cM2dWk9ZuZhnaLNpyt5k7bGK5srQC7lnwYtD2C1Uyudz6+OYPDeI5vN9L4u6BeY/Onm9deq/CkxO8mWyist+fjswzFfgnjgTEr/5mcwxE8H3Rmf4HfKWjqFgmFBIBsyQjl7DY5PRgKS3QZ6n6FjUDhj9lLAzs7HObuFOSGC2/QlICtqDg3Y2+BfGaySBaQ3DfV2Pmg9g9BkZmgJf7KB6ucLgX9RYFt7pci8l2uti2NklrmynMQIIfHLnpzEfmUZnEdm0m401pkTWOQOP60wgnwcEMQs= irene.gonzalez751@comunidadunir.net@vm1\n","username":"azureuser"}],"admin_username":"azureuser","allow_extension_operations":true,"availability_set_id":null,"boot_diagnostics":[],"bypass_platform_safety_checks_on_user_schedule_enabled":false,"capacity_reservation_group_id":null,"custom_data":null,"dedicated_host_group_id":null,"dedicated_host_id":null,"disable_password_authentication":true,"edge_zone":null,"encryption_at_host_enabled":null,"eviction_policy":null,"extensions_time_budget":"PT1H30M","gallery_application":[],"identity":[],"license_type":null,"location":"westus2","max_bid_price":-1,"name":"vm1","os_disk":[{"caching":"ReadWrite","diff_disk_settings":[],"disk_encryption_set_id":null,"secure_vm_disk_encryption_set_id":null,"security_encryption_type":null,"storage_account_type":"Standard_LRS","write_accelerator_enabled":false}],"patch_assessment_mode":"ImageDefault","patch_mode":"ImageDefault","plan":[],"platform_fault_domain":-1,"priority":"Regular","provision_vm_agent":true,"proximity_placement_group_id":null,"reboot_setting":null,"resource_group_name":"myResourceGroup","secret":[],"secure_boot_enabled":null,"size":"Standard_B1s","source_image_id":null,"source_image_reference":[{"offer":"debian-11","publisher":"Debian","sku":"11-backports-gen2","version":"latest"}],"tags":null,"timeouts":null,"user_data":null,"virtual_machine_scale_set_id":null,"vtpm_enabled":null,"zone":null},"after_unknown":{"additional_capabilities":[],"admin_ssh_key":[{}],"boot_diagnostics":[],"computer_name":true,"gallery_application":[],"id":true,"identity":[],"network_interface_ids":true,"os_disk":[{"diff_disk_settings":[],"disk_size_gb":true,"name":true}],"plan":[],"private_ip_address":true,"private_ip_addresses":true,"public_ip_address":true,"public_ip_addresses":true,"secret":[],"source_image_reference":[{}],"termination_notification":true,"virtual_machine_id":true},"before_sensitive":false,"after_sensitive":{"additional_capabilities":[],"admin_password":true,"admin_ssh_key":[{}],"boot_diagnostics":[],"custom_data":true,"gallery_application":[],"identity":[],"network_interface_ids":[],"os_disk":[{"diff_disk_settings":[]}],"plan":[],"private_ip_addresses":[],"public_ip_addresses":[],"secret":[],"source_image_reference":[{}],"termination_notification":[]}}},{"address":"azurerm_network_interface.nic","mode":"managed","type":"azurerm_network_interface","name":"nic","provider_name":"registry.terraform.io/hashicorp/azurerm","change":{"actions":["create"],"before":null,"after":{"auxiliary_mode":null,"auxiliary_sku":null,"edge_zone":null,"enable_accelerated_networking":false,"enable_ip_forwarding":false,"ip_configuration":[{"name":"internal","private_ip_address_allocation":"Dynamic","private_ip_address_version":"IPv4"}],"location":"westus2","name":"vnic","resource_group_name":"myResourceGroup","tags":null,"timeouts":null},"after_unknown":{"applied_dns_servers":true,"dns_servers":true,"id":true,"internal_dns_name_label":true,"internal_domain_name_suffix":true,"ip_configuration":[{"gateway_load_balancer_frontend_ip_configuration_id":true,"primary":true,"private_ip_address":true,"public_ip_address_id":true,"subnet_id":true}],"mac_address":true,"private_ip_address":true,"private_ip_addresses":true,"virtual_machine_id":true},"before_sensitive":false,"after_sensitive":{"applied_dns_servers":[],"dns_servers":[],"ip_configuration":[{}],"private_ip_addresses":[]}}},{"address":"azurerm_network_interface_security_group_association.secGroupAssociation","mode":"managed","type":"azurerm_network_interface_security_group_association","name":"secGroupAssociation","provider_name":"registry.terraform.io/hashicorp/azurerm","change":{"actions":["create"],"before":null,"after":{"timeouts":null},"after_unknown":{"id":true,"network_interface_id":true,"network_security_group_id":true},"before_sensitive":false,"after_sensitive":{}}},{"address":"azurerm_network_security_group.secGroup","mode":"managed","type":"azurerm_network_security_group","name":"secGroup","provider_name":"registry.terraform.io/hashicorp/azurerm","change":{"actions":["create"],"before":null,"after":{"location":"westus2","name":"sshtraffic","resource_group_name":"myResourceGroup","security_rule":[{"access":"Allow","description":"","destination_address_prefix":"*","destination_address_prefixes":[],"destination_application_security_group_ids":[],"destination_port_range":"22","destination_port_ranges":[],"direction":"Inbound","name":"SSH","priority":1001,"protocol":"Tcp","source_address_prefix":"*","source_address_prefixes":[],"source_application_security_group_ids":[],"source_port_range":"*","source_port_ranges":[]}],"tags":null,"timeouts":null},"after_unknown":{"id":true,"security_rule":[{"destination_address_prefixes":[],"destination_application_security_group_ids":[],"destination_port_ranges":[],"source_address_prefixes":[],"source_application_security_group_ids":[],"source_port_ranges":[]}]},"before_sensitive":false,"after_sensitive":{"security_rule":[{"destination_address_prefixes":[],"destination_application_security_group_ids":[],"destination_port_ranges":[],"source_address_prefixes":[],"source_application_security_group_ids":[],"source_port_ranges":[]}]}}},{"address":"azurerm_public_ip.ipPublica","mode":"managed","type":"azurerm_public_ip","name":"ipPublica","provider_name":"registry.terraform.io/hashicorp/azurerm","change":{"actions":["create"],"before":null,"after":{"allocation_method":"Dynamic","ddos_protection_mode":"VirtualNetworkInherited","ddos_protection_plan_id":null,"domain_name_label":null,"edge_zone":null,"idle_timeout_in_minutes":4,"ip_tags":null,"ip_version":"IPv4","location":"westus2","name":"myIp","public_ip_prefix_id":null,"resource_group_name":"myResourceGroup","reverse_fqdn":null,"sku":"Basic","sku_tier":"Regional","tags":null,"timeouts":null,"zones":null},"after_unknown":{"fqdn":true,"id":true,"ip_address":true},"before_sensitive":false,"after_sensitive":{}}},{"address":"azurerm_resource_group.rg","mode":"managed","type":"azurerm_resource_group","name":"rg","provider_name":"registry.terraform.io/hashicorp/azurerm","change":{"actions":["create"],"before":null,"after":{"location":"westus2","managed_by":null,"name":"myResourceGroup","tags":null,"timeouts":null},"after_unknown":{"id":true},"before_sensitive":false,"after_sensitive":{}}},{"address":"azurerm_subnet.subnet","mode":"managed","type":"azurerm_subnet","name":"subnet","provider_name":"registry.terraform.io/hashicorp/azurerm","change":{"actions":["create"],"before":null,"after":{"address_prefixes":["10.0.2.0/24"],"delegation":[],"name":"subnet1","resource_group_name":"myResourceGroup","service_endpoint_policy_ids":null,"service_endpoints":null,"timeouts":null,"virtual_network_name":"vnet1"},"after_unknown":{"address_prefixes":[false],"delegation":[],"enforce_private_link_endpoint_network_policies":true,"enforce_private_link_service_network_policies":true,"id":true,"private_endpoint_network_policies_enabled":true,"private_link_service_network_policies_enabled":true},"before_sensitive":false,"after_sensitive":{"address_prefixes":[false],"delegation":[]}}},{"address":"azurerm_virtual_network.vnet","mode":"managed","type":"azurerm_virtual_network","name":"vnet","provider_name":"registry.terraform.io/hashicorp/azurerm","change":{"actions":["create"],"before":null,"after":{"address_space":["10.0.0.0/16"],"bgp_community":null,"ddos_protection_plan":[],"edge_zone":null,"encryption":[],"flow_timeout_in_minutes":null,"location":"westus2","name":"vnet1","resource_group_name":"myResourceGroup","tags":null,"timeouts":null},"after_unknown":{"address_space":[false],"ddos_protection_plan":[],"dns_servers":true,"encryption":[],"guid":true,"id":true,"subnet":true},"before_sensitive":false,"after_sensitive":{"address_space":[false],"ddos_protection_plan":[],"dns_servers":[],"encryption":[],"subnet":[]}}},{"address":"tls_private_key.ssh_key","mode":"managed","type":"tls_private_key","name":"ssh_key","provider_name":"registry.terraform.io/hashicorp/tls","change":{"actions":["create"],"before":null,"after":{"algorithm":"RSA","ecdsa_curve":"P224","rsa_bits":2048},"after_unknown":{"id":true,"private_key_openssh":true,"private_key_pem":true,"private_key_pem_pkcs8":true,"public_key_fingerprint_md5":true,"public_key_fingerprint_sha256":true,"public_key_openssh":true,"public_key_pem":true},"before_sensitive":false,"after_sensitive":{"private_key_openssh":true,"private_key_pem":true,"private_key_pem_pkcs8":true}}}],"output_changes":{"acr_password":{"actions":["create"],"before":null,"after_unknown":true,"before_sensitive":true,"after_sensitive":true},"acr_server_registry":{"actions":["create"],"before":null,"after_unknown":true,"before_sensitive":false,"after_sensitive":false},"acr_username":{"actions":["create"],"before":null,"after_unknown":true,"before_sensitive":true,"after_sensitive":true},"client_certificate_aks":{"actions":["create"],"before":null,"after_unknown":true,"before_sensitive":true,"after_sensitive":true},"kube_config":{"actions":["create"],"before":null,"after_unknown":true,"before_sensitive":true,"after_sensitive":true},"ssh_private_key":{"actions":["create"],"before":null,"after_unknown":true,"before_sensitive":true,"after_sensitive":true},"ssh_public_key":{"actions":["create"],"before":null,"after_unknown":true,"before_sensitive":true,"after_sensitive":true},"vm_public_ip":{"actions":["create"],"before":null,"after_unknown":true,"before_sensitive":false,"after_sensitive":false}},"configuration":{"provider_config":{"azurerm":{"name":"azurerm","full_name":"registry.terraform.io/hashicorp/azurerm","version_constraint":"3.85.0","expressions":{"features":[{}]}},"tls":{"name":"tls","full_name":"registry.terraform.io/hashicorp/tls"}},"root_module":{"outputs":{"acr_password":{"sensitive":true,"expression":{"references":["azurerm_container_registry.acr.admin_password","azurerm_container_registry.acr"]}},"acr_server_registry":{"expression":{"references":["azurerm_container_registry.acr.login_server","azurerm_container_registry.acr"]}},"acr_username":{"sensitive":true,"expression":{"references":["azurerm_container_registry.acr.admin_username","azurerm_container_registry.acr"]}},"client_certificate_aks":{"sensitive":true,"expression":{"references":["azurerm_kubernetes_cluster.aks.kube_config[0].client_certificate","azurerm_kubernetes_cluster.aks.kube_config[0]","azurerm_kubernetes_cluster.aks.kube_config","azurerm_kubernetes_cluster.aks"]}},"kube_config":{"sensitive":true,"expression":{"references":["azurerm_kubernetes_cluster.aks.kube_config_raw","azurerm_kubernetes_cluster.aks"]}},"ssh_private_key":{"sensitive":true,"expression":{"references":["tls_private_key.ssh_key.private_key_pem","tls_private_key.ssh_key"]}},"ssh_public_key":{"sensitive":true,"expression":{"references":["tls_private_key.ssh_key.public_key_openssh","tls_private_key.ssh_key"]}},"vm_public_ip":{"expression":{"references":["azurerm_public_ip.ipPublica.ip_address","azurerm_public_ip.ipPublica"]}}},"resources":[{"address":"azurerm_container_registry.acr","mode":"managed","type":"azurerm_container_registry","name":"acr","provider_config_key":"azurerm","expressions":{"admin_enabled":{"constant_value":true},"location":{"references":["azurerm_resource_group.rg.location","azurerm_resource_group.rg"]},"name":{"references":["var.name_arc"]},"resource_group_name":{"references":["azurerm_resource_group.rg.name","azurerm_resource_group.rg"]},"sku":{"constant_value":"Premium"}},"schema_version":2},{"address":"azurerm_kubernetes_cluster.aks","mode":"managed","type":"azurerm_kubernetes_cluster","name":"aks","provider_config_key":"azurerm","expressions":{"default_node_pool":[{"name":{"constant_value":"default"},"node_count":{"constant_value":1},"vm_size":{"constant_value":"Standard_D2_v2"}}],"dns_prefix":{"constant_value":"aks-dns"},"identity":[{"type":{"constant_value":"SystemAssigned"}}],"location":{"references":["azurerm_resource_group.rg.location","azurerm_resource_group.rg"]},"name":{"constant_value":"aks"},"resource_group_name":{"references":["azurerm_resource_group.rg.name","azurerm_resource_group.rg"]}},"schema_version":2},{"address":"azurerm_linux_virtual_machine.vm","mode":"managed","type":"azurerm_linux_virtual_machine","name":"vm","provider_config_key":"azurerm","expressions":{"admin_ssh_key":[{"public_key":{"references":["var.public_key_path"]},"username":{"references":["var.ssh_user"]}}],"admin_username":{"references":["var.ssh_user"]},"location":{"references":["azurerm_resource_group.rg.location","azurerm_resource_group.rg"]},"name":{"references":["var.name_vm"]},"network_interface_ids":{"references":["azurerm_network_interface.nic.id","azurerm_network_interface.nic"]},"os_disk":[{"caching":{"constant_value":"ReadWrite"},"storage_account_type":{"constant_value":"Standard_LRS"}}],"resource_group_name":{"references":["azurerm_resource_group.rg.name","azurerm_resource_group.rg"]},"size":{"constant_value":"Standard_B1s"},"source_image_reference":[{"offer":{"constant_value":"debian-11"},"publisher":{"constant_value":"Debian"},"sku":{"constant_value":"11-backports-gen2"},"version":{"constant_value":"latest"}}]},"schema_version":0},{"address":"azurerm_network_interface.nic","mode":"managed","type":"azurerm_network_interface","name":"nic","provider_config_key":"azurerm","expressions":{"ip_configuration":[{"name":{"constant_value":"internal"},"private_ip_address_allocation":{"constant_value":"Dynamic"},"public_ip_address_id":{"references":["azurerm_public_ip.ipPublica.id","azurerm_public_ip.ipPublica"]},"subnet_id":{"references":["azurerm_subnet.subnet.id","azurerm_subnet.subnet"]}}],"location":{"references":["azurerm_resource_group.rg.location","azurerm_resource_group.rg"]},"name":{"references":["var.name_nic"]},"resource_group_name":{"references":["azurerm_resource_group.rg.name","azurerm_resource_group.rg"]}},"schema_version":0},{"address":"azurerm_network_interface_security_group_association.secGroupAssociation","mode":"managed","type":"azurerm_network_interface_security_group_association","name":"secGroupAssociation","provider_config_key":"azurerm","expressions":{"network_interface_id":{"references":["azurerm_network_interface.nic.id","azurerm_network_interface.nic"]},"network_security_group_id":{"references":["azurerm_network_security_group.secGroup.id","azurerm_network_security_group.secGroup"]}},"schema_version":0},{"address":"azurerm_network_security_group.secGroup","mode":"managed","type":"azurerm_network_security_group","name":"secGroup","provider_config_key":"azurerm","expressions":{"location":{"references":["azurerm_resource_group.rg.location","azurerm_resource_group.rg"]},"name":{"constant_value":"sshtraffic"},"resource_group_name":{"references":["azurerm_resource_group.rg.name","azurerm_resource_group.rg"]},"security_rule":{"constant_value":[{"access":"Allow","description":null,"destination_address_prefix":"*","destination_address_prefixes":null,"destination_application_security_group_ids":null,"destination_port_range":"22","destination_port_ranges":null,"direction":"Inbound","name":"SSH","priority":1001,"protocol":"Tcp","source_address_prefix":"*","source_address_prefixes":null,"source_application_security_group_ids":null,"source_port_range":"*","source_port_ranges":null}]}},"schema_version":0},{"address":"azurerm_public_ip.ipPublica","mode":"managed","type":"azurerm_public_ip","name":"ipPublica","provider_config_key":"azurerm","expressions":{"allocation_method":{"constant_value":"Dynamic"},"location":{"references":["azurerm_resource_group.rg.location","azurerm_resource_group.rg"]},"name":{"references":["var.name_ip"]},"resource_group_name":{"references":["azurerm_resource_group.rg.name","azurerm_resource_group.rg"]},"sku":{"constant_value":"Basic"}},"schema_version":0},{"address":"azurerm_resource_group.rg","mode":"managed","type":"azurerm_resource_group","name":"rg","provider_config_key":"azurerm","expressions":{"location":{"references":["var.location"]},"name":{"references":["var.name_rg"]}},"schema_version":0},{"address":"azurerm_subnet.subnet","mode":"managed","type":"azurerm_subnet","name":"subnet","provider_config_key":"azurerm","expressions":{"address_prefixes":{"constant_value":["10.0.2.0/24"]},"name":{"references":["var.name_subnet"]},"resource_group_name":{"references":["azurerm_resource_group.rg.name","azurerm_resource_group.rg"]},"virtual_network_name":{"references":["azurerm_virtual_network.vnet.name","azurerm_virtual_network.vnet"]}},"schema_version":0},{"address":"azurerm_virtual_network.vnet","mode":"managed","type":"azurerm_virtual_network","name":"vnet","provider_config_key":"azurerm","expressions":{"address_space":{"constant_value":["10.0.0.0/16"]},"location":{"references":["azurerm_resource_group.rg.location","azurerm_resource_group.rg"]},"name":{"references":["var.name_vnet"]},"resource_group_name":{"references":["azurerm_resource_group.rg.name","azurerm_resource_group.rg"]}},"schema_version":0},{"address":"tls_private_key.ssh_key","mode":"managed","type":"tls_private_key","name":"ssh_key","provider_config_key":"tls","expressions":{"algorithm":{"constant_value":"RSA"},"rsa_bits":{"constant_value":2048}},"schema_version":1}],"variables":{"location":{"default":"westus2","description":"Región de Azure donde crearemos la infraestructura"},"name_arc":{"default":"contenedorRegistryPrueba1","description":"Contenedor de azure registry de la infraestructura"},"name_ip":{"default":"myIp","description":"Interfaz de red de la infraestructura"},"name_nic":{"default":"vnic","description":"Interfaz de red de la infraestructura"},"name_rg":{"default":"myResourceGroup","description":"Recurso de grupo de la infraestructura"},"name_subnet":{"default":"subnet1","description":"Subnet de la infraestructura"},"name_vm":{"default":"vm1","description":"Máquina virtual de la infraestructura"},"name_vnet":{"default":"vnet1","description":"Red virtual de la infraestructura"},"public_key_path":{"default":"/home/irene/.ssh/id_rsa.pub","description":"Ruta para la clave pública de acceso a las instancias"},"ssh_user":{"default":"azureuser","description":"Usuario para hacer ssh"}}}},"relevant_attributes":[{"resource":"azurerm_resource_group.rg","attribute":["name"]},{"resource":"azurerm_container_registry.acr","attribute":["login_server"]},{"resource":"azurerm_kubernetes_cluster.aks","attribute":["kube_config_raw"]},{"resource":"azurerm_kubernetes_cluster.aks","attribute":["kube_config",0,"client_certificate"]},{"resource":"azurerm_subnet.subnet","attribute":["id"]},{"resource":"azurerm_network_interface.nic","attribute":["id"]},{"resource":"tls_private_key.ssh_key","attribute":["public_key_openssh"]},{"resource":"azurerm_resource_group.rg","attribute":["location"]},{"resource":"azurerm_network_security_group.secGroup","attribute":["id"]},{"resource":"azurerm_container_registry.acr","attribute":["admin_username"]},{"resource":"azurerm_container_registry.acr","attribute":["admin_password"]},{"resource":"azurerm_virtual_network.vnet","attribute":["name"]},{"resource":"azurerm_public_ip.ipPublica","attribute":["id"]},{"resource":"tls_private_key.ssh_key","attribute":["private_key_pem"]},{"resource":"azurerm_public_ip.ipPublica","attribute":["ip_address"]}],"timestamp":"2024-03-14T21:47:41Z","errored":false}
